
Microsoft Visual Studio Solution File, Format Version 12.00
# Visual Studio Version 17
VisualStudioVersion = 17.0.32112.339
MinimumVisualStudioVersion = 10.0.40219.1
Project("{FAE04EC0-301F-11D3-BF4B-00C04F79EFBC}") = "Don'tCOmehere", "Don'tCOmehere.csproj", "{7D58B292-401E-4C19-A67D-77C1B51F22D1}"
EndProject
Global
	GlobalSection(SolutionConfigurationPlatforms) = preSolution
		Debug|Any CPU = Debug|Any CPU
		Release|Any CPU = Release|Any CPU
	EndGlobalSection
	GlobalSection(ProjectConfigurationPlatforms) = postSolution
		{7D58B292-401E-4C19-A67D-77C1B51F22D1}.Debug|Any CPU.ActiveCfg = Debug|Any CPU
		{7D58B292-401E-4C19-A67D-77C1B51F22D1}.Debug|Any CPU.Build.0 = Debug|Any CPU
		{7D58B292-401E-4C19-A67D-77C1B51F22D1}.Release|Any CPU.ActiveCfg = Release|Any CPU
		{7D58B292-401E-4C19-A67D-77C1B51F22D1}.Release|Any CPU.Build.0 = Release|Any CPU
	EndGlobalSection
	GlobalSection(SolutionProperties) = preSolution
		HideSolutionNode = FALSE
	EndGlobalSection
	GlobalSection(ExtensibilityGlobals) = postSolution
		SolutionGuid = {AC57A2C0-9722-43F3-81F7-6BEEBD768887}
	EndGlobalSection
EndGlobal
